
Microsoft Visual Studio Solution File, Format Version 12.00
# Visual Studio 2012
Project("{D954291E-2A0B-460D-934E-DC6B0785DB48}") = "XamarinSignalR", "XamarinSignalR\XamarinSignalR.shproj", "{1E5E0CCE-8E0B-48DF-9556-C06DB4C886CD}"
EndProject
Project("{FAE04EC0-301F-11D3-BF4B-00C04F79EFBC}") = "XamarinSignalR.Droid", "Droid\XamarinSignalR.Droid.csproj", "{EFF4FCBB-1CBC-4F2B-BC90-19202C36C27F}"
EndProject
Project("{FAE04EC0-301F-11D3-BF4B-00C04F79EFBC}") = "XamarinSignalR.iOS", "iOS\XamarinSignalR.iOS.csproj", "{E021E503-E52F-4F48-856E-14A3396B55AF}"
EndProject
Global
	GlobalSection(SolutionConfigurationPlatforms) = preSolution
		Debug|Any CPU = Debug|Any CPU
		Release|Any CPU = Release|Any CPU
		Debug|iPhoneSimulator = Debug|iPhoneSimulator
		Release|iPhone = Release|iPhone
		Release|iPhoneSimulator = Release|iPhoneSimulator
		Debug|iPhone = Debug|iPhone
	EndGlobalSection
	GlobalSection(ProjectConfigurationPlatforms) = postSolution
		{EFF4FCBB-1CBC-4F2B-BC90-19202C36C27F}.Debug|Any CPU.ActiveCfg = Debug|Any CPU
		{EFF4FCBB-1CBC-4F2B-BC90-19202C36C27F}.Debug|Any CPU.Build.0 = Debug|Any CPU
		{EFF4FCBB-1CBC-4F2B-BC90-19202C36C27F}.Release|Any CPU.ActiveCfg = Release|Any CPU
		{EFF4FCBB-1CBC-4F2B-BC90-19202C36C27F}.Release|Any CPU.Build.0 = Release|Any CPU
		{EFF4FCBB-1CBC-4F2B-BC90-19202C36C27F}.Debug|iPhoneSimulator.ActiveCfg = Debug|Any CPU
		{EFF4FCBB-1CBC-4F2B-BC90-19202C36C27F}.Debug|iPhoneSimulator.Build.0 = Debug|Any CPU
		{EFF4FCBB-1CBC-4F2B-BC90-19202C36C27F}.Release|iPhone.ActiveCfg = Release|Any CPU
		{EFF4FCBB-1CBC-4F2B-BC90-19202C36C27F}.Release|iPhone.Build.0 = Release|Any CPU
		{EFF4FCBB-1CBC-4F2B-BC90-19202C36C27F}.Release|iPhoneSimulator.ActiveCfg = Release|Any CPU
		{EFF4FCBB-1CBC-4F2B-BC90-19202C36C27F}.Release|iPhoneSimulator.Build.0 = Release|Any CPU
		{EFF4FCBB-1CBC-4F2B-BC90-19202C36C27F}.Debug|iPhone.ActiveCfg = Debug|Any CPU
		{EFF4FCBB-1CBC-4F2B-BC90-19202C36C27F}.Debug|iPhone.Build.0 = Debug|Any CPU
		{E021E503-E52F-4F48-856E-14A3396B55AF}.Debug|Any CPU.ActiveCfg = Debug|iPhoneSimulator
		{E021E503-E52F-4F48-856E-14A3396B55AF}.Debug|Any CPU.Build.0 = Debug|iPhoneSimulator
		{E021E503-E52F-4F48-856E-14A3396B55AF}.Release|Any CPU.ActiveCfg = Release|iPhone
		{E021E503-E52F-4F48-856E-14A3396B55AF}.Release|Any CPU.Build.0 = Release|iPhone
		{E021E503-E52F-4F48-856E-14A3396B55AF}.Debug|iPhoneSimulator.ActiveCfg = Debug|iPhoneSimulator
		{E021E503-E52F-4F48-856E-14A3396B55AF}.Debug|iPhoneSimulator.Build.0 = Debug|iPhoneSimulator
		{E021E503-E52F-4F48-856E-14A3396B55AF}.Release|iPhone.ActiveCfg = Release|iPhone
		{E021E503-E52F-4F48-856E-14A3396B55AF}.Release|iPhone.Build.0 = Release|iPhone
		{E021E503-E52F-4F48-856E-14A3396B55AF}.Release|iPhoneSimulator.ActiveCfg = Release|iPhoneSimulator
		{E021E503-E52F-4F48-856E-14A3396B55AF}.Release|iPhoneSimulator.Build.0 = Release|iPhoneSimulator
		{E021E503-E52F-4F48-856E-14A3396B55AF}.Debug|iPhone.ActiveCfg = Debug|iPhone
		{E021E503-E52F-4F48-856E-14A3396B55AF}.Debug|iPhone.Build.0 = Debug|iPhone
	EndGlobalSection
EndGlobal
